# This file is autogenerated, do not edit; changes may be undone by the next 'dep ensure'.


[[projects]]
  name = "github.com/davecgh/go-spew"
  packages = ["spew"]
  revision = "346938d642f2ec3594ed81d874461961cd0faa76"
  version = "v1.1.0"

[[projects]]
  name = "github.com/pkg/errors"
  packages = ["."]
  revision = "645ef00459ed84a119197bfb8d8205042c6df63d"
  version = "v0.8.0"

[[projects]]
  branch = "master"
  name = "golang.org/x/net"
  packages = [
    "html",
    "html/atom"
  ]
  revision = "d41e8174641f662c5a2d1c7a5f9e828788eb8706"

[solve-meta]
  analyzer-name = "dep"
  analyzer-version = 1
  inputs-digest = "e10f6e165e5215b2e2b55faf376da38f89c7bf523ef16c63112db8b321dac6b1"
  solver-name = "gps-cdcl"
  solver-version = 1
